// !$*UTF8*$!
{
	archiveVersion = 1;
	classes = {
	};
	objectVersion = 46;
	objects = {

/* Begin PBXBuildFile section */
		CC131B4D1DCF142000CACD97 /* AppDelegate.swift in Sources */ = {isa = PBXBuildFile; fileRef = CC131B4C1DCF142000CACD97 /* AppDelegate.swift */; };
		CC131B4F1DCF142000CACD97 /* ViewController.swift in Sources */ = {isa = PBXBuildFile; fileRef = CC131B4E1DCF142000CACD97 /* ViewController.swift */; };
		CC131B521DCF142000CACD97 /* Main.storyboard in Resources */ = {isa = PBXBuildFile; fileRef = CC131B501DCF142000CACD97 /* Main.storyboard */; };
		CC131B541DCF142000CACD97 /* Assets.xcassets in Resources */ = {isa = PBXBuildFile; fileRef = CC131B531DCF142000CACD97 /* Assets.xcassets */; };
		CC131B571DCF142000CACD97 /* LaunchScreen.storyboard in Resources */ = {isa = PBXBuildFile; fileRef = CC131B551DCF142000CACD97 /* LaunchScreen.storyboard */; };
		CC131B621DCF142000CACD97 /* PostCodeTests.swift in Sources */ = {isa = PBXBuildFile; fileRef = CC131B611DCF142000CACD97 /* PostCodeTests.swift */; };
		CC131B6D1DCF17BB00CACD97 /* PostCodeSelectionViewController.swift in Sources */ = {isa = PBXBuildFile; fileRef = CC131B6C1DCF17BB00CACD97 /* PostCodeSelectionViewController.swift */; };
/* End PBXBuildFile section */

/* Begin PBXContainerItemProxy section */
		CC131B5E1DCF142000CACD97 /* PBXContainerItemProxy */ = {
			isa = PBXContainerItemProxy;
			containerPortal = CC131B411DCF142000CACD97 /* Project object */;
			proxyType = 1;
			remoteGlobalIDString = CC131B481DCF142000CACD97;
			remoteInfo = PostCode;
		};
/* End PBXContainerItemProxy section */

/* Begin PBXFileReference section */
		CC131B491DCF142000CACD97 /* PostCode.app */ = {isa = PBXFileReference; explicitFileType = wrapper.application; includeInIndex = 0; path = PostCode.app; sourceTree = BUILT_PRODUCTS_DIR; };
		CC131B4C1DCF142000CACD97 /* AppDelegate.swift */ = {isa = PBXFileReference; lastKnownFileType = sourcecode.swift; path = AppDelegate.swift; sourceTree = "<group>"; };
		CC131B4E1DCF142000CACD97 /* ViewController.swift */ = {isa = PBXFileReference; lastKnownFileType = sourcecode.swift; path = ViewController.swift; sourceTree = "<group>"; };
		CC131B511DCF142000CACD97 /* Base */ = {isa = PBXFileReference; lastKnownFileType = file.storyboard; name = Base; path = Base.lproj/Main.storyboard; sourceTree = "<group>"; };
		CC131B531DCF142000CACD97 /* Assets.xcassets */ = {isa = PBXFileReference; lastKnownFileType = folder.assetcatalog; path = Assets.xcassets; sourceTree = "<group>"; };
		CC131B561DCF142000CACD97 /* Base */ = {isa = PBXFileReference; lastKnownFileType = file.storyboard; name = Base; path = Base.lproj/LaunchScreen.storyboard; sourceTree = "<group>"; };
		CC131B581DCF142000CACD97 /* Info.plist */ = {isa = PBXFileReference; lastKnownFileType = text.plist.xml; path = Info.plist; sourceTree = "<group>"; };
		CC131B5D1DCF142000CACD97 /* PostCodeTests.xctest */ = {isa = PBXFileReference; explicitFileType = wrapper.cfbundle; includeInIndex = 0; path = PostCodeTests.xctest; sourceTree = BUILT_PRODUCTS_DIR; };
		CC131B611DCF142000CACD97 /* PostCodeTests.swift */ = {isa = PBXFileReference; lastKnownFileType = sourcecode.swift; path = PostCodeTests.swift; sourceTree = "<group>"; };
		CC131B631DCF142000CACD97 /* Info.plist */ = {isa = PBXFileReference; lastKnownFileType = text.plist.xml; path = Info.plist; sourceTree = "<group>"; };
		CC131B6C1DCF17BB00CACD97 /* PostCodeSelectionViewController.swift */ = {isa = PBXFileReference; fileEncoding = 4; lastKnownFileType = sourcecode.swift; path = PostCodeSelectionViewController.swift; sourceTree = "<group>"; };
/* End PBXFileReference section */

/* Begin PBXFrameworksBuildPhase section */
		CC131B461DCF142000CACD97 /* Frameworks */ = {
			isa = PBXFrameworksBuildPhase;
			buildActionMask = 2147483647;
			files = (
			);
			runOnlyForDeploymentPostprocessing = 0;
		};
		CC131B5A1DCF142000CACD97 /* Frameworks */ = {
			isa = PBXFrameworksBuildPhase;
			buildActionMask = 2147483647;
			files = (
			);
			runOnlyForDeploymentPostprocessing = 0;
		};
/* End PBXFrameworksBuildPhase section */

/* Begin PBXGroup section */
		CC131B401DCF142000CACD97 = {
			isa = PBXGroup;
			children = (
				CC131B4B1DCF142000CACD97 /* PostCode */,
				CC131B601DCF142000CACD97 /* PostCodeTests */,
				CC131B4A1DCF142000CACD97 /* Products */,
			);
			sourceTree = "<group>";
		};
		CC131B4A1DCF142000CACD97 /* Products */ = {
			isa = PBXGroup;
			children = (
				CC131B491DCF142000CACD97 /* PostCode.app */,
				CC131B5D1DCF142000CACD97 /* PostCodeTests.xctest */,
			);
			name = Products;
			sourceTree = "<group>";
		};
		CC131B4B1DCF142000CACD97 /* PostCode */ = {
			isa = PBXGroup;
			children = (
				CC131B4C1DCF142000CACD97 /* AppDelegate.swift */,
				CC131B4E1DCF142000CACD97 /* ViewController.swift */,
				CC131B6C1DCF17BB00CACD97 /* PostCodeSelectionViewController.swift */,
				CC131B501DCF142000CACD97 /* Main.storyboard */,
				CC131B531DCF142000CACD97 /* Assets.xcassets */,
				CC131B551DCF142000CACD97 /* LaunchScreen.storyboard */,
				CC131B581DCF142000CACD97 /* Info.plist */,
			);
			path = PostCode;
			sourceTree = "<group>";
		};
		CC131B601DCF142000CACD97 /* PostCodeTests */ = {
			isa = PBXGroup;
			children = (
				CC131B611DCF142000CACD97 /* PostCodeTests.swift */,
				CC131B631DCF142000CACD97 /* Info.plist */,
			);
			path = PostCodeTests;
			sourceTree = "<group>";
		};
/* End PBXGroup section */

/* Begin PBXNativeTarget section */
		CC131B481DCF142000CACD97 /* PostCode */ = {
			isa = PBXNativeTarget;
			buildConfigurationList = CC131B661DCF142000CACD97 /* Build configuration list for PBXNativeTarget "PostCode" */;
			buildPhases = (
				CC131B451DCF142000CACD97 /* Sources */,
				CC131B461DCF142000CACD97 /* Frameworks */,
				CC131B471DCF142000CACD97 /* Resources */,
			);
			buildRules = (
			);
			dependencies = (
			);
			name = PostCode;
			productName = PostCode;
			productReference = CC131B491DCF142000CACD97 /* PostCode.app */;
			productType = "com.apple.product-type.application";
		};
		CC131B5C1DCF142000CACD97 /* PostCodeTests */ = {
			isa = PBXNativeTarget;
			buildConfigurationList = CC131B691DCF142000CACD97 /* Build configuration list for PBXNativeTarget "PostCodeTests" */;
			buildPhases = (
				CC131B591DCF142000CACD97 /* Sources */,
				CC131B5A1DCF142000CACD97 /* Frameworks */,
				CC131B5B1DCF142000CACD97 /* Resources */,
			);
			buildRules = (
			);
			dependencies = (
				CC131B5F1DCF142000CACD97 /* PBXTargetDependency */,
			);
			name = PostCodeTests;
			productName = PostCodeTests;
			productReference = CC131B5D1DCF142000CACD97 /* PostCodeTests.xctest */;
			productType = "com.apple.product-type.bundle.unit-test";
		};
/* End PBXNativeTarget section */

/* Begin PBXProject section */
		CC131B411DCF142000CACD97 /* Project object */ = {
			isa = PBXProject;
			attributes = {
				LastSwiftUpdateCheck = 0810;
				LastUpgradeCheck = 0810;
				ORGANIZATIONNAME = IO;
				TargetAttributes = {
					CC131B481DCF142000CACD97 = {
						CreatedOnToolsVersion = 8.1;
						DevelopmentTeam = J2WX5LW4CC;
						ProvisioningStyle = Automatic;
					};
					CC131B5C1DCF142000CACD97 = {
						CreatedOnToolsVersion = 8.1;
						DevelopmentTeam = J2WX5LW4CC;
						ProvisioningStyle = Automatic;
						TestTargetID = CC131B481DCF142000CACD97;
					};
				};
			};
			buildConfigurationList = CC131B441DCF142000CACD97 /* Build configuration list for PBXProject "PostCode" */;
			compatibilityVersion = "Xcode 3.2";
			developmentRegion = English;
			hasScannedForEncodings = 0;
			knownRegions = (
				en,
				Base,
			);
			mainGroup = CC131B401DCF142000CACD97;
			productRefGroup = CC131B4A1DCF142000CACD97 /* Products */;
			projectDirPath = "";
			projectRoot = "";
			targets = (
				CC131B481DCF142000CACD97 /* PostCode */,
				CC131B5C1DCF142000CACD97 /* PostCodeTests */,
			);
		};
/* End PBXProject section */

/* Begin PBXResourcesBuildPhase section */
		CC131B471DCF142000CACD97 /* Resources */ = {
			isa = PBXResourcesBuildPhase;
			buildActionMask = 2147483647;
			files = (
				CC131B571DCF142000CACD97 /* LaunchScreen.storyboard in Resources */,
				CC131B541DCF142000CACD97 /* Assets.xcassets in Resources */,
				CC131B521DCF142000CACD97 /* Main.storyboard in Resources */,
			);
			runOnlyForDeploymentPostprocessing = 0;
		};
		CC131B5B1DCF142000CACD97 /* Resources */ = {
			isa = PBXResourcesBuildPhase;
			buildActionMask = 2147483647;
			files = (
			);
			runOnlyForDeploymentPostprocessing = 0;
		};
/* End PBXResourcesBuildPhase section */

/* Begin PBXSourcesBuildPhase section */
		CC131B451DCF142000CACD97 /* Sources */ = {
			isa = PBXSourcesBuildPhase;
			buildActionMask = 2147483647;
			files = (
				CC131B4F1DCF142000CACD97 /* ViewController.swift in Sources */,
				CC131B4D1DCF142000CACD97 /* AppDelegate.swift in Sources */,
				CC131B6D1DCF17BB00CACD97 /* PostCodeSelectionViewController.swift in Sources */,
			);
			runOnlyForDeploymentPostprocessing = 0;
		};
		CC131B591DCF142000CACD97 /* Sources */ = {
			isa = PBXSourcesBuildPhase;
			buildActionMask = 2147483647;
			files = (
				CC131B621DCF142000CACD97 /* PostCodeTests.swift in Sources */,
			);
			runOnlyForDeploymentPostprocessing = 0;
		};
/* End PBXSourcesBuildPhase section */

/* Begin PBXTargetDependency section */
		CC131B5F1DCF142000CACD97 /* PBXTargetDependency */ = {
			isa = PBXTargetDependency;
			target = CC131B481DCF142000CACD97 /* PostCode */;
			targetProxy = CC131B5E1DCF142000CACD97 /* PBXContainerItemProxy */;
		};
/* End PBXTargetDependency section */

/* Begin PBXVariantGroup section */
		CC131B501DCF142000CACD97 /* Main.storyboard */ = {
			isa = PBXVariantGroup;
			children = (
				CC131B511DCF142000CACD97 /* Base */,
			);
			name = Main.storyboard;
			sourceTree = "<group>";
		};
		CC131B551DCF142000CACD97 /* LaunchScreen.storyboard */ = {
			isa = PBXVariantGroup;
			children = (
				CC131B561DCF142000CACD97 /* Base */,
			);
			name = LaunchScreen.storyboard;
			sourceTree = "<group>";
		};
/* End PBXVariantGroup section */

/* Begin XCBuildConfiguration section */
		CC131B641DCF142000CACD97 /* Debug */ = {
			isa = XCBuildConfiguration;
			buildSettings = {
				ALWAYS_SEARCH_USER_PATHS = NO;
				CLANG_ANALYZER_NONNULL = YES;
				CLANG_CXX_LANGUAGE_STANDARD = "gnu++0x";
				CLANG_CXX_LIBRARY = "libc++";
				CLANG_ENABLE_MODULES = YES;
				CLANG_ENABLE_OBJC_ARC = YES;
				CLANG_WARN_BOOL_CONVERSION = YES;
				CLANG_WARN_CONSTANT_CONVERSION = YES;
				CLANG_WARN_DIRECT_OBJC_ISA_USAGE = YES_ERROR;
				CLANG_WARN_DOCUMENTATION_COMMENTS = YES;
				CLANG_WARN_EMPTY_BODY = YES;
				CLANG_WARN_ENUM_CONVERSION = YES;
				CLANG_WARN_INFINITE_RECURSION = YES;
				CLANG_WARN_INT_CONVERSION = YES;
				CLANG_WARN_OBJC_ROOT_CLASS = YES_ERROR;
				CLANG_WARN_SUSPICIOUS_MOVES = YES;
				CLANG_WARN_UNREACHABLE_CODE = YES;
				CLANG_WARN__DUPLICATE_METHOD_MATCH = YES;
				"CODE_SIGN_IDENTITY[sdk=iphoneos*]" = "iPhone Developer";
				COPY_PHASE_STRIP = NO;
				DEBUG_INFORMATION_FORMAT = dwarf;
				ENABLE_STRICT_OBJC_MSGSEND = YES;
				ENABLE_TESTABILITY = YES;
				GCC_C_LANGUAGE_STANDARD = gnu99;
				GCC_DYNAMIC_NO_PIC = NO;
				GCC_NO_COMMON_BLOCKS = YES;
				GCC_OPTIMIZATION_LEVEL = 0;
				GCC_PREPROCESSOR_DEFINITIONS = (
					"DEBUG=1",
					"$(inherited)",
				);
				GCC_WARN_64_TO_32_BIT_CONVERSION = YES;
				GCC_WARN_ABOUT_RETURN_TYPE = YES_ERROR;
				GCC_WARN_UNDECLARED_SELECTOR = YES;
				GCC_WARN_UNINITIALIZED_AUTOS = YES_AGGRESSIVE;
				GCC_WARN_UNUSED_FUNCTION = YES;
				GCC_WARN_UNUSED_VARIABLE = YES;
				IPHONEOS_DEPLOYMENT_TARGET = 10.1;
				MTL_ENABLE_DEBUG_INFO = YES;
				ONLY_ACTIVE_ARCH = YES;
				SDKROOT = iphoneos;
				SWIFT_ACTIVE_COMPILATION_CONDITIONS = DEBUG;
				SWIFT_OPTIMIZATION_LEVEL = "-Onone";
				TARGETED_DEVICE_FAMILY = "1,2";
			};
			name = Debug;
		};
		CC131B651DCF142000CACD97 /* Release */ = {
			isa = XCBuildConfiguration;
			buildSettings = {
				ALWAYS_SEARCH_USER_PATHS = NO;
				CLANG_ANALYZER_NONNULL = YES;
				CLANG_CXX_LANGUAGE_STANDARD = "gnu++0x";
				CLANG_CXX_LIBRARY = "libc++";
				CLANG_ENABLE_MODULES = YES;
				CLANG_ENABLE_OBJC_ARC = YES;
				CLANG_WARN_BOOL_CONVERSION = YES;
				CLANG_WARN_CONSTANT_CONVERSION = YES;
				CLANG_WARN_DIRECT_OBJC_ISA_USAGE = YES_ERROR;
				CLANG_WARN_DOCUMENTATION_COMMENTS = YES;
				CLANG_WARN_EMPTY_BODY = YES;
				CLANG_WARN_ENUM_CONVERSION = YES;
				CLANG_WARN_INFINITE_RECURSION = YES;
				CLANG_WARN_INT_CONVERSION = YES;
				CLANG_WARN_OBJC_ROOT_CLASS = YES_ERROR;
				CLANG_WARN_SUSPICIOUS_MOVES = YES;
				CLANG_WARN_UNREACHABLE_CODE = YES;
				CLANG_WARN__DUPLICATE_METHOD_MATCH = YES;
				"CODE_SIGN_IDENTITY[sdk=iphoneos*]" = "iPhone Developer";
				COPY_PHASE_STRIP = NO;
				DEBUG_INFORMATION_FORMAT = "dwarf-with-dsym";
				ENABLE_NS_ASSERTIONS = NO;
				ENABLE_STRICT_OBJC_MSGSEND = YES;
				GCC_C_LANGUAGE_STANDARD = gnu99;
				GCC_NO_COMMON_BLOCKS = YES;
				GCC_WARN_64_TO_32_BIT_CONVERSION = YES;
				GCC_WARN_ABOUT_RETURN_TYPE = YES_ERROR;
				GCC_WARN_UNDECLARED_SELECTOR = YES;
				GCC_WARN_UNINITIALIZED_AUTOS = YES_AGGRESSIVE;
				GCC_WARN_UNUSED_FUNCTION = YES;
				GCC_WARN_UNUSED_VARIABLE = YES;
				IPHONEOS_DEPLOYMENT_TARGET = 10.1;
				MTL_ENABLE_DEBUG_INFO = NO;
				SDKROOT = iphoneos;
				SWIFT_OPTIMIZATION_LEVEL = "-Owholemodule";
				TARGETED_DEVICE_FAMILY = "1,2";
				VALIDATE_PRODUCT = YES;
			};
			name = Release;
		};
		CC131B671DCF142000CACD97 /* Debug */ = {
			isa = XCBuildConfiguration;
			buildSettings = {
				ASSETCATALOG_COMPILER_APPICON_NAME = AppIcon;
				DEVELOPMENT_TEAM = J2WX5LW4CC;
				INFOPLIST_FILE = PostCode/Info.plist;
				LD_RUNPATH_SEARCH_PATHS = "$(inherited) @executable_path/Frameworks";
				PRODUCT_BUNDLE_IDENTIFIER = com.trilliwon.PostCode;
				PRODUCT_NAME = "$(TARGET_NAME)";
				SWIFT_VERSION = 3.0;
			};
			name = Debug;
		};
		CC131B681DCF142000CACD97 /* Release */ = {
			isa = XCBuildConfiguration;
			buildSettings = {
				ASSETCATALOG_COMPILER_APPICON_NAME = AppIcon;
				DEVELOPMENT_TEAM = J2WX5LW4CC;
				INFOPLIST_FILE = PostCode/Info.plist;
				LD_RUNPATH_SEARCH_PATHS = "$(inherited) @executable_path/Frameworks";
				PRODUCT_BUNDLE_IDENTIFIER = com.trilliwon.PostCode;
				PRODUCT_NAME = "$(TARGET_NAME)";
				SWIFT_VERSION = 3.0;
			};
			name = Release;
		};
		CC131B6A1DCF142000CACD97 /* Debug */ = {
			isa = XCBuildConfiguration;
			buildSettings = {
				ALWAYS_EMBED_SWIFT_STANDARD_LIBRARIES = YES;
				BUNDLE_LOADER = "$(TEST_HOST)";
				DEVELOPMENT_TEAM = J2WX5LW4CC;
				INFOPLIST_FILE = PostCodeTests/Info.plist;
				LD_RUNPATH_SEARCH_PATHS = "$(inherited) @executable_path/Frameworks @loader_path/Frameworks";
				PRODUCT_BUNDLE_IDENTIFIER = com.trilliwon.PostCodeTests;
				PRODUCT_NAME = "$(TARGET_NAME)";
				SWIFT_VERSION = 3.0;
				TEST_HOST = "$(BUILT_PRODUCTS_DIR)/PostCode.app/PostCode";
			};
			name = Debug;
		};
		CC131B6B1DCF142000CACD97 /* Release */ = {
			isa = XCBuildConfiguration;
			buildSettings = {
				ALWAYS_EMBED_SWIFT_STANDARD_LIBRARIES = YES;
				BUNDLE_LOADER = "$(TEST_HOST)";
				DEVELOPMENT_TEAM = J2WX5LW4CC;
				INFOPLIST_FILE = PostCodeTests/Info.plist;
				LD_RUNPATH_SEARCH_PATHS = "$(inherited) @executable_path/Frameworks @loader_path/Frameworks";
				PRODUCT_BUNDLE_IDENTIFIER = com.trilliwon.PostCodeTests;
				PRODUCT_NAME = "$(TARGET_NAME)";
				SWIFT_VERSION = 3.0;
				TEST_HOST = "$(BUILT_PRODUCTS_DIR)/PostCode.app/PostCode";
			};
			name = Release;
		};
/* End XCBuildConfiguration section */

/* Begin XCConfigurationList section */
		CC131B441DCF142000CACD97 /* Build configuration list for PBXProject "PostCode" */ = {
			isa = XCConfigurationList;
			buildConfigurations = (
				CC131B641DCF142000CACD97 /* Debug */,
				CC131B651DCF142000CACD97 /* Release */,
			);
			defaultConfigurationIsVisible = 0;
			defaultConfigurationName = Release;
		};
		CC131B661DCF142000CACD97 /* Build configuration list for PBXNativeTarget "PostCode" */ = {
			isa = XCConfigurationList;
			buildConfigurations = (
				CC131B671DCF142000CACD97 /* Debug */,
				CC131B681DCF142000CACD97 /* Release */,
			);
			defaultConfigurationIsVisible = 0;
			defaultConfigurationName = Release;
		};
		CC131B691DCF142000CACD97 /* Build configuration list for PBXNativeTarget "PostCodeTests" */ = {
			isa = XCConfigurationList;
			buildConfigurations = (
				CC131B6A1DCF142000CACD97 /* Debug */,
				CC131B6B1DCF142000CACD97 /* Release */,
			);
			defaultConfigurationIsVisible = 0;
			defaultConfigurationName = Release;
		};
/* End XCConfigurationList section */
	};
	rootObject = CC131B411DCF142000CACD97 /* Project object */;
}
